
Microsoft Visual Studio Solution File, Format Version 12.00
# Visual Studio Version 17
VisualStudioVersion = 17.8.34525.116
MinimumVisualStudioVersion = 10.0.40219.1
Project("{FAE04EC0-301F-11D3-BF4B-00C04F79EFBC}") = "RealEstate_Dapper_Api", "RealEstate_Dapper_Api\RealEstate_Dapper_Api.csproj", "{23F28EAC-98A6-416A-B778-B994570A21F6}"
EndProject
Project("{FAE04EC0-301F-11D3-BF4B-00C04F79EFBC}") = "RealEstate_Dapper_UI", "RealEstate_Dapper_UI\RealEstate_Dapper_UI.csproj", "{16692D06-EFB9-4D1A-BCE2-2D577FA731B0}"
EndProject
Global
	GlobalSection(SolutionConfigurationPlatforms) = preSolution
		Debug|Any CPU = Debug|Any CPU
		Release|Any CPU = Release|Any CPU
	EndGlobalSection
	GlobalSection(ProjectConfigurationPlatforms) = postSolution
		{23F28EAC-98A6-416A-B778-B994570A21F6}.Debug|Any CPU.ActiveCfg = Debug|Any CPU
		{23F28EAC-98A6-416A-B778-B994570A21F6}.Debug|Any CPU.Build.0 = Debug|Any CPU
		{23F28EAC-98A6-416A-B778-B994570A21F6}.Release|Any CPU.ActiveCfg = Release|Any CPU
		{23F28EAC-98A6-416A-B778-B994570A21F6}.Release|Any CPU.Build.0 = Release|Any CPU
		{16692D06-EFB9-4D1A-BCE2-2D577FA731B0}.Debug|Any CPU.ActiveCfg = Debug|Any CPU
		{16692D06-EFB9-4D1A-BCE2-2D577FA731B0}.Debug|Any CPU.Build.0 = Debug|Any CPU
		{16692D06-EFB9-4D1A-BCE2-2D577FA731B0}.Release|Any CPU.ActiveCfg = Release|Any CPU
		{16692D06-EFB9-4D1A-BCE2-2D577FA731B0}.Release|Any CPU.Build.0 = Release|Any CPU
	EndGlobalSection
	GlobalSection(SolutionProperties) = preSolution
		HideSolutionNode = FALSE
	EndGlobalSection
	GlobalSection(ExtensibilityGlobals) = postSolution
		SolutionGuid = {B5D12A73-D74C-457C-AFB1-D12A1BB3B6A9}
	EndGlobalSection
EndGlobal
